// !$*UTF8*$!
{
	archiveVersion = 1;
	classes = {
	};
	objectVersion = 50;
	objects = {

/* Begin PBXBuildFile section */
		278ABAFF460385E0977429D1 /* Pods_ARetterUITests.framework in Frameworks */ = {isa = PBXBuildFile; fileRef = 392326FA68B45558FCC69EFB /* Pods_ARetterUITests.framework */; };
		52DF0D036A34B2FEF994E63C /* Pods_ARetter.framework in Frameworks */ = {isa = PBXBuildFile; fileRef = C8BD7F8B3FDF9998E2473B3D /* Pods_ARetter.framework */; };
		BCC538E57570735B9FA3B7FD /* Pods_ARetterTests.framework in Frameworks */ = {isa = PBXBuildFile; fileRef = AE197235BEEBE9636FE23AA8 /* Pods_ARetterTests.framework */; };
		F2B28346211B180A0044CED3 /* AppDelegate.swift in Sources */ = {isa = PBXBuildFile; fileRef = F2B28345211B180A0044CED3 /* AppDelegate.swift */; };
		F2B28348211B180A0044CED3 /* ViewController.swift in Sources */ = {isa = PBXBuildFile; fileRef = F2B28347211B180A0044CED3 /* ViewController.swift */; };
		F2B2834B211B180A0044CED3 /* Main.storyboard in Resources */ = {isa = PBXBuildFile; fileRef = F2B28349211B180A0044CED3 /* Main.storyboard */; };
		F2B2834D211B180C0044CED3 /* Assets.xcassets in Resources */ = {isa = PBXBuildFile; fileRef = F2B2834C211B180C0044CED3 /* Assets.xcassets */; };
		F2B28350211B180C0044CED3 /* LaunchScreen.storyboard in Resources */ = {isa = PBXBuildFile; fileRef = F2B2834E211B180C0044CED3 /* LaunchScreen.storyboard */; };
		F2B2835B211B180D0044CED3 /* ARetterTests.swift in Sources */ = {isa = PBXBuildFile; fileRef = F2B2835A211B180D0044CED3 /* ARetterTests.swift */; };
		F2B28366211B180D0044CED3 /* ARetterUITests.swift in Sources */ = {isa = PBXBuildFile; fileRef = F2B28365211B180D0044CED3 /* ARetterUITests.swift */; };
		F2B28374211B1CAF0044CED3 /* NewController.swift in Sources */ = {isa = PBXBuildFile; fileRef = F2B28373211B1CAF0044CED3 /* NewController.swift */; };
		F2B28376211B1E390044CED3 /* ScanController.swift in Sources */ = {isa = PBXBuildFile; fileRef = F2B28375211B1E390044CED3 /* ScanController.swift */; };
		F2B28378211B1EB80044CED3 /* FolderController.swift in Sources */ = {isa = PBXBuildFile; fileRef = F2B28377211B1EB80044CED3 /* FolderController.swift */; };
		FCB84117211C6E1C0095E79E /* libc++.tbd in Frameworks */ = {isa = PBXBuildFile; fileRef = FCB84116211C6E1C0095E79E /* libc++.tbd */; };
		FCB84118211C6E3A0095E79E /* KudanAR.framework in Frameworks */ = {isa = PBXBuildFile; fileRef = FCB84113211C6DE70095E79E /* KudanAR.framework */; };
		FCB8411E211C74B40095E79E /* sample.MOV in Resources */ = {isa = PBXBuildFile; fileRef = FCB8411A211C74B30095E79E /* sample.MOV */; };
		FCB8411F211C74B40095E79E /* sample2.jpeg in Resources */ = {isa = PBXBuildFile; fileRef = FCB8411B211C74B30095E79E /* sample2.jpeg */; };
		FCB84120211C74B40095E79E /* marino_icon2.png in Resources */ = {isa = PBXBuildFile; fileRef = FCB8411C211C74B30095E79E /* marino_icon2.png */; };
		FCB84121211C74B40095E79E /* sample.MP4 in Resources */ = {isa = PBXBuildFile; fileRef = FCB8411D211C74B40095E79E /* sample.MP4 */; };
		FCB84123211C80AB0095E79E /* Realm.framework in Frameworks */ = {isa = PBXBuildFile; fileRef = FCB84122211C80AB0095E79E /* Realm.framework */; };
		FCB84125211C80AB0095E79E /* RealmSwift.framework in Frameworks */ = {isa = PBXBuildFile; fileRef = FCB84124211C80AB0095E79E /* RealmSwift.framework */; };
		FCB84127211C81820095E79E /* ARetter.swift in Sources */ = {isa = PBXBuildFile; fileRef = FCB84126211C81820095E79E /* ARetter.swift */; };
/* End PBXBuildFile section */

/* Begin PBXContainerItemProxy section */
		F2B28357211B180D0044CED3 /* PBXContainerItemProxy */ = {
			isa = PBXContainerItemProxy;
			containerPortal = F2B2833A211B180A0044CED3 /* Project object */;
			proxyType = 1;
			remoteGlobalIDString = F2B28341211B180A0044CED3;
			remoteInfo = ARetter;
		};
		F2B28362211B180D0044CED3 /* PBXContainerItemProxy */ = {
			isa = PBXContainerItemProxy;
			containerPortal = F2B2833A211B180A0044CED3 /* Project object */;
			proxyType = 1;
			remoteGlobalIDString = F2B28341211B180A0044CED3;
			remoteInfo = ARetter;
		};
/* End PBXContainerItemProxy section */

/* Begin PBXFileReference section */
		163ABB5C614CB4B38B012A85 /* Pods-ARetter.debug.xcconfig */ = {isa = PBXFileReference; includeInIndex = 1; lastKnownFileType = text.xcconfig; name = "Pods-ARetter.debug.xcconfig"; path = "Pods/Target Support Files/Pods-ARetter/Pods-ARetter.debug.xcconfig"; sourceTree = "<group>"; };
		31277D68D3E5B1F6CBEF2F7F /* Pods-ARetterTests.debug.xcconfig */ = {isa = PBXFileReference; includeInIndex = 1; lastKnownFileType = text.xcconfig; name = "Pods-ARetterTests.debug.xcconfig"; path = "Pods/Target Support Files/Pods-ARetterTests/Pods-ARetterTests.debug.xcconfig"; sourceTree = "<group>"; };
		392326FA68B45558FCC69EFB /* Pods_ARetterUITests.framework */ = {isa = PBXFileReference; explicitFileType = wrapper.framework; includeInIndex = 0; path = Pods_ARetterUITests.framework; sourceTree = BUILT_PRODUCTS_DIR; };
		5170A4D45E1CD19991036E8D /* Pods-ARetterUITests.release.xcconfig */ = {isa = PBXFileReference; includeInIndex = 1; lastKnownFileType = text.xcconfig; name = "Pods-ARetterUITests.release.xcconfig"; path = "Pods/Target Support Files/Pods-ARetterUITests/Pods-ARetterUITests.release.xcconfig"; sourceTree = "<group>"; };
		AE197235BEEBE9636FE23AA8 /* Pods_ARetterTests.framework */ = {isa = PBXFileReference; explicitFileType = wrapper.framework; includeInIndex = 0; path = Pods_ARetterTests.framework; sourceTree = BUILT_PRODUCTS_DIR; };
		C8BD7F8B3FDF9998E2473B3D /* Pods_ARetter.framework */ = {isa = PBXFileReference; explicitFileType = wrapper.framework; includeInIndex = 0; path = Pods_ARetter.framework; sourceTree = BUILT_PRODUCTS_DIR; };
		D5A05F17A6021F6CC2F67A5A /* Pods-ARetterTests.release.xcconfig */ = {isa = PBXFileReference; includeInIndex = 1; lastKnownFileType = text.xcconfig; name = "Pods-ARetterTests.release.xcconfig"; path = "Pods/Target Support Files/Pods-ARetterTests/Pods-ARetterTests.release.xcconfig"; sourceTree = "<group>"; };
		DD77D2A03CA7D10E065510B5 /* Pods-ARetter.release.xcconfig */ = {isa = PBXFileReference; includeInIndex = 1; lastKnownFileType = text.xcconfig; name = "Pods-ARetter.release.xcconfig"; path = "Pods/Target Support Files/Pods-ARetter/Pods-ARetter.release.xcconfig"; sourceTree = "<group>"; };
		F2B28342211B180A0044CED3 /* ARetter.app */ = {isa = PBXFileReference; explicitFileType = wrapper.application; includeInIndex = 0; path = ARetter.app; sourceTree = BUILT_PRODUCTS_DIR; };
		F2B28345211B180A0044CED3 /* AppDelegate.swift */ = {isa = PBXFileReference; lastKnownFileType = sourcecode.swift; path = AppDelegate.swift; sourceTree = "<group>"; };
		F2B28347211B180A0044CED3 /* ViewController.swift */ = {isa = PBXFileReference; lastKnownFileType = sourcecode.swift; path = ViewController.swift; sourceTree = "<group>"; };
		F2B2834A211B180A0044CED3 /* Base */ = {isa = PBXFileReference; lastKnownFileType = file.storyboard; name = Base; path = Base.lproj/Main.storyboard; sourceTree = "<group>"; };
		F2B2834C211B180C0044CED3 /* Assets.xcassets */ = {isa = PBXFileReference; lastKnownFileType = folder.assetcatalog; path = Assets.xcassets; sourceTree = "<group>"; };
		F2B2834F211B180C0044CED3 /* Base */ = {isa = PBXFileReference; lastKnownFileType = file.storyboard; name = Base; path = Base.lproj/LaunchScreen.storyboard; sourceTree = "<group>"; };
		F2B28351211B180C0044CED3 /* Info.plist */ = {isa = PBXFileReference; lastKnownFileType = text.plist.xml; path = Info.plist; sourceTree = "<group>"; };
		F2B28356211B180D0044CED3 /* ARetterTests.xctest */ = {isa = PBXFileReference; explicitFileType = wrapper.cfbundle; includeInIndex = 0; path = ARetterTests.xctest; sourceTree = BUILT_PRODUCTS_DIR; };
		F2B2835A211B180D0044CED3 /* ARetterTests.swift */ = {isa = PBXFileReference; lastKnownFileType = sourcecode.swift; path = ARetterTests.swift; sourceTree = "<group>"; };
		F2B2835C211B180D0044CED3 /* Info.plist */ = {isa = PBXFileReference; lastKnownFileType = text.plist.xml; path = Info.plist; sourceTree = "<group>"; };
		F2B28361211B180D0044CED3 /* ARetterUITests.xctest */ = {isa = PBXFileReference; explicitFileType = wrapper.cfbundle; includeInIndex = 0; path = ARetterUITests.xctest; sourceTree = BUILT_PRODUCTS_DIR; };
		F2B28365211B180D0044CED3 /* ARetterUITests.swift */ = {isa = PBXFileReference; lastKnownFileType = sourcecode.swift; path = ARetterUITests.swift; sourceTree = "<group>"; };
		F2B28367211B180D0044CED3 /* Info.plist */ = {isa = PBXFileReference; lastKnownFileType = text.plist.xml; path = Info.plist; sourceTree = "<group>"; };
		F2B28373211B1CAF0044CED3 /* NewController.swift */ = {isa = PBXFileReference; lastKnownFileType = sourcecode.swift; path = NewController.swift; sourceTree = "<group>"; };
		F2B28375211B1E390044CED3 /* ScanController.swift */ = {isa = PBXFileReference; lastKnownFileType = sourcecode.swift; path = ScanController.swift; sourceTree = "<group>"; };
		F2B28377211B1EB80044CED3 /* FolderController.swift */ = {isa = PBXFileReference; lastKnownFileType = sourcecode.swift; path = FolderController.swift; sourceTree = "<group>"; };
		F6D75A4E5B4CF3E180BE18E0 /* Pods-ARetterUITests.debug.xcconfig */ = {isa = PBXFileReference; includeInIndex = 1; lastKnownFileType = text.xcconfig; name = "Pods-ARetterUITests.debug.xcconfig"; path = "Pods/Target Support Files/Pods-ARetterUITests/Pods-ARetterUITests.debug.xcconfig"; sourceTree = "<group>"; };
		FCB84113211C6DE70095E79E /* KudanAR.framework */ = {isa = PBXFileReference; lastKnownFileType = wrapper.framework; path = KudanAR.framework; sourceTree = "<group>"; };
		FCB84116211C6E1C0095E79E /* libc++.tbd */ = {isa = PBXFileReference; lastKnownFileType = "sourcecode.text-based-dylib-definition"; name = "libc++.tbd"; path = "usr/lib/libc++.tbd"; sourceTree = SDKROOT; };
		FCB8411A211C74B30095E79E /* sample.MOV */ = {isa = PBXFileReference; lastKnownFileType = video.quicktime; name = sample.MOV; path = ../../../../../../Downloads/sample.MOV; sourceTree = "<group>"; };
		FCB8411B211C74B30095E79E /* sample2.jpeg */ = {isa = PBXFileReference; lastKnownFileType = image.jpeg; name = sample2.jpeg; path = ../../../../../../Downloads/sample2.jpeg; sourceTree = "<group>"; };
		FCB8411C211C74B30095E79E /* marino_icon2.png */ = {isa = PBXFileReference; lastKnownFileType = image.png; name = marino_icon2.png; path = ../../../../../../Downloads/marino_icon2.png; sourceTree = "<group>"; };
		FCB8411D211C74B40095E79E /* sample.MP4 */ = {isa = PBXFileReference; lastKnownFileType = file; name = sample.MP4; path = ../../../../../../Downloads/sample.MP4; sourceTree = "<group>"; };
		FCB84122211C80AB0095E79E /* Realm.framework */ = {isa = PBXFileReference; explicitFileType = wrapper.framework; path = Realm.framework; sourceTree = BUILT_PRODUCTS_DIR; };
		FCB84124211C80AB0095E79E /* RealmSwift.framework */ = {isa = PBXFileReference; explicitFileType = wrapper.framework; path = RealmSwift.framework; sourceTree = BUILT_PRODUCTS_DIR; };
		FCB84126211C81820095E79E /* ARetter.swift */ = {isa = PBXFileReference; lastKnownFileType = sourcecode.swift; path = ARetter.swift; sourceTree = "<group>"; };
/* End PBXFileReference section */

/* Begin PBXFrameworksBuildPhase section */
		F2B2833F211B180A0044CED3 /* Frameworks */ = {
			isa = PBXFrameworksBuildPhase;
			buildActionMask = 2147483647;
			files = (
				FCB84123211C80AB0095E79E /* Realm.framework in Frameworks */,
				FCB84125211C80AB0095E79E /* RealmSwift.framework in Frameworks */,
				FCB84118211C6E3A0095E79E /* KudanAR.framework in Frameworks */,
				FCB84117211C6E1C0095E79E /* libc++.tbd in Frameworks */,
				52DF0D036A34B2FEF994E63C /* Pods_ARetter.framework in Frameworks */,
			);
			runOnlyForDeploymentPostprocessing = 0;
		};
		F2B28353211B180D0044CED3 /* Frameworks */ = {
			isa = PBXFrameworksBuildPhase;
			buildActionMask = 2147483647;
			files = (
				BCC538E57570735B9FA3B7FD /* Pods_ARetterTests.framework in Frameworks */,
			);
			runOnlyForDeploymentPostprocessing = 0;
		};
		F2B2835E211B180D0044CED3 /* Frameworks */ = {
			isa = PBXFrameworksBuildPhase;
			buildActionMask = 2147483647;
			files = (
				278ABAFF460385E0977429D1 /* Pods_ARetterUITests.framework in Frameworks */,
			);
			runOnlyForDeploymentPostprocessing = 0;
		};
/* End PBXFrameworksBuildPhase section */

/* Begin PBXGroup section */
		89386ABE832A67F54B34ECDE /* Pods */ = {
			isa = PBXGroup;
			children = (
				163ABB5C614CB4B38B012A85 /* Pods-ARetter.debug.xcconfig */,
				DD77D2A03CA7D10E065510B5 /* Pods-ARetter.release.xcconfig */,
				31277D68D3E5B1F6CBEF2F7F /* Pods-ARetterTests.debug.xcconfig */,
				D5A05F17A6021F6CC2F67A5A /* Pods-ARetterTests.release.xcconfig */,
				F6D75A4E5B4CF3E180BE18E0 /* Pods-ARetterUITests.debug.xcconfig */,
				5170A4D45E1CD19991036E8D /* Pods-ARetterUITests.release.xcconfig */,
			);
			name = Pods;
			sourceTree = "<group>";
		};
		F2B28339211B180A0044CED3 = {
			isa = PBXGroup;
			children = (
				F2B28344211B180A0044CED3 /* ARetter */,
				F2B28359211B180D0044CED3 /* ARetterTests */,
				F2B28364211B180D0044CED3 /* ARetterUITests */,
				F2B28343211B180A0044CED3 /* Products */,
				FCB84115211C6E1C0095E79E /* Frameworks */,
				89386ABE832A67F54B34ECDE /* Pods */,
			);
			sourceTree = "<group>";
		};
		F2B28343211B180A0044CED3 /* Products */ = {
			isa = PBXGroup;
			children = (
				F2B28342211B180A0044CED3 /* ARetter.app */,
				F2B28356211B180D0044CED3 /* ARetterTests.xctest */,
				F2B28361211B180D0044CED3 /* ARetterUITests.xctest */,
			);
			name = Products;
			sourceTree = "<group>";
		};
		F2B28344211B180A0044CED3 /* ARetter */ = {
			isa = PBXGroup;
			children = (
				FCB84119211C746D0095E79E /* images */,
				F2B28345211B180A0044CED3 /* AppDelegate.swift */,
				F2B28347211B180A0044CED3 /* ViewController.swift */,
				FCB84126211C81820095E79E /* ARetter.swift */,
				F2B28349211B180A0044CED3 /* Main.storyboard */,
				F2B2834C211B180C0044CED3 /* Assets.xcassets */,
				F2B2834E211B180C0044CED3 /* LaunchScreen.storyboard */,
				F2B28351211B180C0044CED3 /* Info.plist */,
				F2B28373211B1CAF0044CED3 /* NewController.swift */,
				F2B28375211B1E390044CED3 /* ScanController.swift */,
				F2B28377211B1EB80044CED3 /* FolderController.swift */,
			);
			path = ARetter;
			sourceTree = "<group>";
		};
		F2B28359211B180D0044CED3 /* ARetterTests */ = {
			isa = PBXGroup;
			children = (
				F2B2835A211B180D0044CED3 /* ARetterTests.swift */,
				F2B2835C211B180D0044CED3 /* Info.plist */,
			);
			path = ARetterTests;
			sourceTree = "<group>";
		};
		F2B28364211B180D0044CED3 /* ARetterUITests */ = {
			isa = PBXGroup;
			children = (
				F2B28365211B180D0044CED3 /* ARetterUITests.swift */,
				F2B28367211B180D0044CED3 /* Info.plist */,
			);
			path = ARetterUITests;
			sourceTree = "<group>";
		};
		FCB84115211C6E1C0095E79E /* Frameworks */ = {
			isa = PBXGroup;
			children = (
				FCB84122211C80AB0095E79E /* Realm.framework */,
				FCB84124211C80AB0095E79E /* RealmSwift.framework */,
				FCB84113211C6DE70095E79E /* KudanAR.framework */,
				FCB84116211C6E1C0095E79E /* libc++.tbd */,
				C8BD7F8B3FDF9998E2473B3D /* Pods_ARetter.framework */,
				AE197235BEEBE9636FE23AA8 /* Pods_ARetterTests.framework */,
				392326FA68B45558FCC69EFB /* Pods_ARetterUITests.framework */,
			);
			name = Frameworks;
			sourceTree = "<group>";
		};
		FCB84119211C746D0095E79E /* images */ = {
			isa = PBXGroup;
			children = (
				FCB8411C211C74B30095E79E /* marino_icon2.png */,
				FCB8411A211C74B30095E79E /* sample.MOV */,
				FCB8411D211C74B40095E79E /* sample.MP4 */,
				FCB8411B211C74B30095E79E /* sample2.jpeg */,
			);
			path = images;
			sourceTree = "<group>";
		};
/* End PBXGroup section */

/* Begin PBXNativeTarget section */
		F2B28341211B180A0044CED3 /* ARetter */ = {
			isa = PBXNativeTarget;
			buildConfigurationList = F2B2836A211B180D0044CED3 /* Build configuration list for PBXNativeTarget "ARetter" */;
			buildPhases = (
				D10AA3EB08679476196E1B4C /* [CP] Check Pods Manifest.lock */,
				F2B2833E211B180A0044CED3 /* Sources */,
				F2B2833F211B180A0044CED3 /* Frameworks */,
				F2B28340211B180A0044CED3 /* Resources */,
				8AEEB4E5B5B9EAC9A7D41FB1 /* [CP] Embed Pods Frameworks */,
			);
			buildRules = (
			);
			dependencies = (
			);
			name = ARetter;
			productName = ARetter;
			productReference = F2B28342211B180A0044CED3 /* ARetter.app */;
			productType = "com.apple.product-type.application";
		};
		F2B28355211B180D0044CED3 /* ARetterTests */ = {
			isa = PBXNativeTarget;
			buildConfigurationList = F2B2836D211B180D0044CED3 /* Build configuration list for PBXNativeTarget "ARetterTests" */;
			buildPhases = (
				5ECF80FB114F80E28CE44A33 /* [CP] Check Pods Manifest.lock */,
				F2B28352211B180D0044CED3 /* Sources */,
				F2B28353211B180D0044CED3 /* Frameworks */,
				F2B28354211B180D0044CED3 /* Resources */,
			);
			buildRules = (
			);
			dependencies = (
				F2B28358211B180D0044CED3 /* PBXTargetDependency */,
			);
			name = ARetterTests;
			productName = ARetterTests;
			productReference = F2B28356211B180D0044CED3 /* ARetterTests.xctest */;
			productType = "com.apple.product-type.bundle.unit-test";
		};
		F2B28360211B180D0044CED3 /* ARetterUITests */ = {
			isa = PBXNativeTarget;
			buildConfigurationList = F2B28370211B180D0044CED3 /* Build configuration list for PBXNativeTarget "ARetterUITests" */;
			buildPhases = (
				006D9E3256216472F54736D3 /* [CP] Check Pods Manifest.lock */,
				F2B2835D211B180D0044CED3 /* Sources */,
				F2B2835E211B180D0044CED3 /* Frameworks */,
				F2B2835F211B180D0044CED3 /* Resources */,
			);
			buildRules = (
			);
			dependencies = (
				F2B28363211B180D0044CED3 /* PBXTargetDependency */,
			);
			name = ARetterUITests;
			productName = ARetterUITests;
			productReference = F2B28361211B180D0044CED3 /* ARetterUITests.xctest */;
			productType = "com.apple.product-type.bundle.ui-testing";
		};
/* End PBXNativeTarget section */

/* Begin PBXProject section */
		F2B2833A211B180A0044CED3 /* Project object */ = {
			isa = PBXProject;
			attributes = {
				LastSwiftUpdateCheck = 0940;
				LastUpgradeCheck = 0940;
				ORGANIZATIONNAME = "Oshima Haruna";
				TargetAttributes = {
					F2B28341211B180A0044CED3 = {
						CreatedOnToolsVersion = 9.4.1;
					};
					F2B28355211B180D0044CED3 = {
						CreatedOnToolsVersion = 9.4.1;
						TestTargetID = F2B28341211B180A0044CED3;
					};
					F2B28360211B180D0044CED3 = {
						CreatedOnToolsVersion = 9.4.1;
						TestTargetID = F2B28341211B180A0044CED3;
					};
				};
			};
			buildConfigurationList = F2B2833D211B180A0044CED3 /* Build configuration list for PBXProject "ARetter" */;
			compatibilityVersion = "Xcode 9.3";
			developmentRegion = en;
			hasScannedForEncodings = 0;
			knownRegions = (
				en,
				Base,
			);
			mainGroup = F2B28339211B180A0044CED3;
			productRefGroup = F2B28343211B180A0044CED3 /* Products */;
			projectDirPath = "";
			projectRoot = "";
			targets = (
				F2B28341211B180A0044CED3 /* ARetter */,
				F2B28355211B180D0044CED3 /* ARetterTests */,
				F2B28360211B180D0044CED3 /* ARetterUITests */,
			);
		};
/* End PBXProject section */

/* Begin PBXResourcesBuildPhase section */
		F2B28340211B180A0044CED3 /* Resources */ = {
			isa = PBXResourcesBuildPhase;
			buildActionMask = 2147483647;
			files = (
				FCB8411E211C74B40095E79E /* sample.MOV in Resources */,
				F2B28350211B180C0044CED3 /* LaunchScreen.storyboard in Resources */,
				F2B2834D211B180C0044CED3 /* Assets.xcassets in Resources */,
				FCB84120211C74B40095E79E /* marino_icon2.png in Resources */,
				FCB84121211C74B40095E79E /* sample.MP4 in Resources */,
				FCB8411F211C74B40095E79E /* sample2.jpeg in Resources */,
				F2B2834B211B180A0044CED3 /* Main.storyboard in Resources */,
			);
			runOnlyForDeploymentPostprocessing = 0;
		};
		F2B28354211B180D0044CED3 /* Resources */ = {
			isa = PBXResourcesBuildPhase;
			buildActionMask = 2147483647;
			files = (
			);
			runOnlyForDeploymentPostprocessing = 0;
		};
		F2B2835F211B180D0044CED3 /* Resources */ = {
			isa = PBXResourcesBuildPhase;
			buildActionMask = 2147483647;
			files = (
			);
			runOnlyForDeploymentPostprocessing = 0;
		};
/* End PBXResourcesBuildPhase section */

/* Begin PBXShellScriptBuildPhase section */
		006D9E3256216472F54736D3 /* [CP] Check Pods Manifest.lock */ = {
			isa = PBXShellScriptBuildPhase;
			buildActionMask = 2147483647;
			files = (
			);
			inputPaths = (
				"${PODS_PODFILE_DIR_PATH}/Podfile.lock",
				"${PODS_ROOT}/Manifest.lock",
			);
			name = "[CP] Check Pods Manifest.lock";
			outputPaths = (
				"$(DERIVED_FILE_DIR)/Pods-ARetterUITests-checkManifestLockResult.txt",
			);
			runOnlyForDeploymentPostprocessing = 0;
			shellPath = /bin/sh;
			shellScript = "diff \"${PODS_PODFILE_DIR_PATH}/Podfile.lock\" \"${PODS_ROOT}/Manifest.lock\" > /dev/null\nif [ $? != 0 ] ; then\n    # print error to STDERR\n    echo \"error: The sandbox is not in sync with the Podfile.lock. Run 'pod install' or update your CocoaPods installation.\" >&2\n    exit 1\nfi\n# This output is used by Xcode 'outputs' to avoid re-running this script phase.\necho \"SUCCESS\" > \"${SCRIPT_OUTPUT_FILE_0}\"\n";
			showEnvVarsInLog = 0;
		};
		5ECF80FB114F80E28CE44A33 /* [CP] Check Pods Manifest.lock */ = {
			isa = PBXShellScriptBuildPhase;
			buildActionMask = 2147483647;
			files = (
			);
			inputPaths = (
				"${PODS_PODFILE_DIR_PATH}/Podfile.lock",
				"${PODS_ROOT}/Manifest.lock",
			);
			name = "[CP] Check Pods Manifest.lock";
			outputPaths = (
				"$(DERIVED_FILE_DIR)/Pods-ARetterTests-checkManifestLockResult.txt",
			);
			runOnlyForDeploymentPostprocessing = 0;
			shellPath = /bin/sh;
			shellScript = "diff \"${PODS_PODFILE_DIR_PATH}/Podfile.lock\" \"${PODS_ROOT}/Manifest.lock\" > /dev/null\nif [ $? != 0 ] ; then\n    # print error to STDERR\n    echo \"error: The sandbox is not in sync with the Podfile.lock. Run 'pod install' or update your CocoaPods installation.\" >&2\n    exit 1\nfi\n# This output is used by Xcode 'outputs' to avoid re-running this script phase.\necho \"SUCCESS\" > \"${SCRIPT_OUTPUT_FILE_0}\"\n";
			showEnvVarsInLog = 0;
		};
		8AEEB4E5B5B9EAC9A7D41FB1 /* [CP] Embed Pods Frameworks */ = {
			isa = PBXShellScriptBuildPhase;
			buildActionMask = 2147483647;
			files = (
			);
			inputPaths = (
				"${SRCROOT}/Pods/Target Support Files/Pods-ARetter/Pods-ARetter-frameworks.sh",
				"${BUILT_PRODUCTS_DIR}/Realm/Realm.framework",
				"${BUILT_PRODUCTS_DIR}/RealmSwift/RealmSwift.framework",
			);
			name = "[CP] Embed Pods Frameworks";
			outputPaths = (
				"${TARGET_BUILD_DIR}/${FRAMEWORKS_FOLDER_PATH}/Realm.framework",
				"${TARGET_BUILD_DIR}/${FRAMEWORKS_FOLDER_PATH}/RealmSwift.framework",
			);
			runOnlyForDeploymentPostprocessing = 0;
			shellPath = /bin/sh;
			shellScript = "\"${SRCROOT}/Pods/Target Support Files/Pods-ARetter/Pods-ARetter-frameworks.sh\"\n";
			showEnvVarsInLog = 0;
		};
		D10AA3EB08679476196E1B4C /* [CP] Check Pods Manifest.lock */ = {
			isa = PBXShellScriptBuildPhase;
			buildActionMask = 2147483647;
			files = (
			);
			inputPaths = (
				"${PODS_PODFILE_DIR_PATH}/Podfile.lock",
				"${PODS_ROOT}/Manifest.lock",
			);
			name = "[CP] Check Pods Manifest.lock";
			outputPaths = (
				"$(DERIVED_FILE_DIR)/Pods-ARetter-checkManifestLockResult.txt",
			);
			runOnlyForDeploymentPostprocessing = 0;
			shellPath = /bin/sh;
			shellScript = "diff \"${PODS_PODFILE_DIR_PATH}/Podfile.lock\" \"${PODS_ROOT}/Manifest.lock\" > /dev/null\nif [ $? != 0 ] ; then\n    # print error to STDERR\n    echo \"error: The sandbox is not in sync with the Podfile.lock. Run 'pod install' or update your CocoaPods installation.\" >&2\n    exit 1\nfi\n# This output is used by Xcode 'outputs' to avoid re-running this script phase.\necho \"SUCCESS\" > \"${SCRIPT_OUTPUT_FILE_0}\"\n";
			showEnvVarsInLog = 0;
		};
/* End PBXShellScriptBuildPhase section */

/* Begin PBXSourcesBuildPhase section */
		F2B2833E211B180A0044CED3 /* Sources */ = {
			isa = PBXSourcesBuildPhase;
			buildActionMask = 2147483647;
			files = (
				F2B28376211B1E390044CED3 /* ScanController.swift in Sources */,
				FCB84127211C81820095E79E /* ARetter.swift in Sources */,
				F2B28348211B180A0044CED3 /* ViewController.swift in Sources */,
				F2B28374211B1CAF0044CED3 /* NewController.swift in Sources */,
				F2B28346211B180A0044CED3 /* AppDelegate.swift in Sources */,
				F2B28378211B1EB80044CED3 /* FolderController.swift in Sources */,
			);
			runOnlyForDeploymentPostprocessing = 0;
		};
		F2B28352211B180D0044CED3 /* Sources */ = {
			isa = PBXSourcesBuildPhase;
			buildActionMask = 2147483647;
			files = (
				F2B2835B211B180D0044CED3 /* ARetterTests.swift in Sources */,
			);
			runOnlyForDeploymentPostprocessing = 0;
		};
		F2B2835D211B180D0044CED3 /* Sources */ = {
			isa = PBXSourcesBuildPhase;
			buildActionMask = 2147483647;
			files = (
				F2B28366211B180D0044CED3 /* ARetterUITests.swift in Sources */,
			);
			runOnlyForDeploymentPostprocessing = 0;
		};
/* End PBXSourcesBuildPhase section */

/* Begin PBXTargetDependency section */
		F2B28358211B180D0044CED3 /* PBXTargetDependency */ = {
			isa = PBXTargetDependency;
			target = F2B28341211B180A0044CED3 /* ARetter */;
			targetProxy = F2B28357211B180D0044CED3 /* PBXContainerItemProxy */;
		};
		F2B28363211B180D0044CED3 /* PBXTargetDependency */ = {
			isa = PBXTargetDependency;
			target = F2B28341211B180A0044CED3 /* ARetter */;
			targetProxy = F2B28362211B180D0044CED3 /* PBXContainerItemProxy */;
		};
/* End PBXTargetDependency section */

/* Begin PBXVariantGroup section */
		F2B28349211B180A0044CED3 /* Main.storyboard */ = {
			isa = PBXVariantGroup;
			children = (
				F2B2834A211B180A0044CED3 /* Base */,
			);
			name = Main.storyboard;
			sourceTree = "<group>";
		};
		F2B2834E211B180C0044CED3 /* LaunchScreen.storyboard */ = {
			isa = PBXVariantGroup;
			children = (
				F2B2834F211B180C0044CED3 /* Base */,
			);
			name = LaunchScreen.storyboard;
			sourceTree = "<group>";
		};
/* End PBXVariantGroup section */

/* Begin XCBuildConfiguration section */
		F2B28368211B180D0044CED3 /* Debug */ = {
			isa = XCBuildConfiguration;
			buildSettings = {
				ALWAYS_SEARCH_USER_PATHS = NO;
				CLANG_ANALYZER_NONNULL = YES;
				CLANG_ANALYZER_NUMBER_OBJECT_CONVERSION = YES_AGGRESSIVE;
				CLANG_CXX_LANGUAGE_STANDARD = "gnu++14";
				CLANG_CXX_LIBRARY = "libc++";
				CLANG_ENABLE_MODULES = YES;
				CLANG_ENABLE_OBJC_ARC = YES;
				CLANG_ENABLE_OBJC_WEAK = YES;
				CLANG_WARN_BLOCK_CAPTURE_AUTORELEASING = YES;
				CLANG_WARN_BOOL_CONVERSION = YES;
				CLANG_WARN_COMMA = YES;
				CLANG_WARN_CONSTANT_CONVERSION = YES;
				CLANG_WARN_DEPRECATED_OBJC_IMPLEMENTATIONS = YES;
				CLANG_WARN_DIRECT_OBJC_ISA_USAGE = YES_ERROR;
				CLANG_WARN_DOCUMENTATION_COMMENTS = YES;
				CLANG_WARN_EMPTY_BODY = YES;
				CLANG_WARN_ENUM_CONVERSION = YES;
				CLANG_WARN_INFINITE_RECURSION = YES;
				CLANG_WARN_INT_CONVERSION = YES;
				CLANG_WARN_NON_LITERAL_NULL_CONVERSION = YES;
				CLANG_WARN_OBJC_IMPLICIT_RETAIN_SELF = YES;
				CLANG_WARN_OBJC_LITERAL_CONVERSION = YES;
				CLANG_WARN_OBJC_ROOT_CLASS = YES_ERROR;
				CLANG_WARN_RANGE_LOOP_ANALYSIS = YES;
				CLANG_WARN_STRICT_PROTOTYPES = YES;
				CLANG_WARN_SUSPICIOUS_MOVE = YES;
				CLANG_WARN_UNGUARDED_AVAILABILITY = YES_AGGRESSIVE;
				CLANG_WARN_UNREACHABLE_CODE = YES;
				CLANG_WARN__DUPLICATE_METHOD_MATCH = YES;
				CODE_SIGN_IDENTITY = "iPhone Developer";
				COPY_PHASE_STRIP = NO;
				DEBUG_INFORMATION_FORMAT = dwarf;
				ENABLE_STRICT_OBJC_MSGSEND = YES;
				ENABLE_TESTABILITY = YES;
				GCC_C_LANGUAGE_STANDARD = gnu11;
				GCC_DYNAMIC_NO_PIC = NO;
				GCC_NO_COMMON_BLOCKS = YES;
				GCC_OPTIMIZATION_LEVEL = 0;
				GCC_PREPROCESSOR_DEFINITIONS = (
					"DEBUG=1",
					"$(inherited)",
				);
				GCC_WARN_64_TO_32_BIT_CONVERSION = YES;
				GCC_WARN_ABOUT_RETURN_TYPE = YES_ERROR;
				GCC_WARN_UNDECLARED_SELECTOR = YES;
				GCC_WARN_UNINITIALIZED_AUTOS = YES_AGGRESSIVE;
				GCC_WARN_UNUSED_FUNCTION = YES;
				GCC_WARN_UNUSED_VARIABLE = YES;
				IPHONEOS_DEPLOYMENT_TARGET = 11.4;
				MTL_ENABLE_DEBUG_INFO = YES;
				ONLY_ACTIVE_ARCH = YES;
				SDKROOT = iphoneos;
				SWIFT_ACTIVE_COMPILATION_CONDITIONS = DEBUG;
				SWIFT_OPTIMIZATION_LEVEL = "-Onone";
			};
			name = Debug;
		};
		F2B28369211B180D0044CED3 /* Release */ = {
			isa = XCBuildConfiguration;
			buildSettings = {
				ALWAYS_SEARCH_USER_PATHS = NO;
				CLANG_ANALYZER_NONNULL = YES;
				CLANG_ANALYZER_NUMBER_OBJECT_CONVERSION = YES_AGGRESSIVE;
				CLANG_CXX_LANGUAGE_STANDARD = "gnu++14";
				CLANG_CXX_LIBRARY = "libc++";
				CLANG_ENABLE_MODULES = YES;
				CLANG_ENABLE_OBJC_ARC = YES;
				CLANG_ENABLE_OBJC_WEAK = YES;
				CLANG_WARN_BLOCK_CAPTURE_AUTORELEASING = YES;
				CLANG_WARN_BOOL_CONVERSION = YES;
				CLANG_WARN_COMMA = YES;
				CLANG_WARN_CONSTANT_CONVERSION = YES;
				CLANG_WARN_DEPRECATED_OBJC_IMPLEMENTATIONS = YES;
				CLANG_WARN_DIRECT_OBJC_ISA_USAGE = YES_ERROR;
				CLANG_WARN_DOCUMENTATION_COMMENTS = YES;
				CLANG_WARN_EMPTY_BODY = YES;
				CLANG_WARN_ENUM_CONVERSION = YES;
				CLANG_WARN_INFINITE_RECURSION = YES;
				CLANG_WARN_INT_CONVERSION = YES;
				CLANG_WARN_NON_LITERAL_NULL_CONVERSION = YES;
				CLANG_WARN_OBJC_IMPLICIT_RETAIN_SELF = YES;
				CLANG_WARN_OBJC_LITERAL_CONVERSION = YES;
				CLANG_WARN_OBJC_ROOT_CLASS = YES_ERROR;
				CLANG_WARN_RANGE_LOOP_ANALYSIS = YES;
				CLANG_WARN_STRICT_PROTOTYPES = YES;
				CLANG_WARN_SUSPICIOUS_MOVE = YES;
				CLANG_WARN_UNGUARDED_AVAILABILITY = YES_AGGRESSIVE;
				CLANG_WARN_UNREACHABLE_CODE = YES;
				CLANG_WARN__DUPLICATE_METHOD_MATCH = YES;
				CODE_SIGN_IDENTITY = "iPhone Developer";
				COPY_PHASE_STRIP = NO;
				DEBUG_INFORMATION_FORMAT = "dwarf-with-dsym";
				ENABLE_NS_ASSERTIONS = NO;
				ENABLE_STRICT_OBJC_MSGSEND = YES;
				GCC_C_LANGUAGE_STANDARD = gnu11;
				GCC_NO_COMMON_BLOCKS = YES;
				GCC_WARN_64_TO_32_BIT_CONVERSION = YES;
				GCC_WARN_ABOUT_RETURN_TYPE = YES_ERROR;
				GCC_WARN_UNDECLARED_SELECTOR = YES;
				GCC_WARN_UNINITIALIZED_AUTOS = YES_AGGRESSIVE;
				GCC_WARN_UNUSED_FUNCTION = YES;
				GCC_WARN_UNUSED_VARIABLE = YES;
				IPHONEOS_DEPLOYMENT_TARGET = 11.4;
				MTL_ENABLE_DEBUG_INFO = NO;
				SDKROOT = iphoneos;
				SWIFT_COMPILATION_MODE = wholemodule;
				SWIFT_OPTIMIZATION_LEVEL = "-O";
				VALIDATE_PRODUCT = YES;
			};
			name = Release;
		};
		F2B2836B211B180D0044CED3 /* Debug */ = {
			isa = XCBuildConfiguration;
			baseConfigurationReference = 163ABB5C614CB4B38B012A85 /* Pods-ARetter.debug.xcconfig */;
			buildSettings = {
				ASSETCATALOG_COMPILER_APPICON_NAME = AppIcon;
				CODE_SIGN_STYLE = Automatic;
				DEVELOPMENT_TEAM = SXL9U2ZT42;
				ENABLE_BITCODE = NO;
				FRAMEWORK_SEARCH_PATHS = (
					"$(inherited)",
					"$(PROJECT_DIR)/ARetter",
					"$(PROJECT_DIR)",
				);
				INFOPLIST_FILE = ARetter/Info.plist;
				IPHONEOS_DEPLOYMENT_TARGET = 11.3;
				LD_RUNPATH_SEARCH_PATHS = (
					"$(inherited)",
					"@executable_path/Frameworks",
				);
				PRODUCT_BUNDLE_IDENTIFIER = eu.kudan.ar;
				PRODUCT_NAME = "$(TARGET_NAME)";
				SWIFT_VERSION = 4.0;
				TARGETED_DEVICE_FAMILY = 1;
			};
			name = Debug;
		};
		F2B2836C211B180D0044CED3 /* Release */ = {
			isa = XCBuildConfiguration;
			baseConfigurationReference = DD77D2A03CA7D10E065510B5 /* Pods-ARetter.release.xcconfig */;
			buildSettings = {
				ASSETCATALOG_COMPILER_APPICON_NAME = AppIcon;
				CODE_SIGN_STYLE = Automatic;
				DEVELOPMENT_TEAM = SXL9U2ZT42;
				ENABLE_BITCODE = NO;
				FRAMEWORK_SEARCH_PATHS = (
					"$(inherited)",
					"$(PROJECT_DIR)/ARetter",
					"$(PROJECT_DIR)",
				);
				INFOPLIST_FILE = ARetter/Info.plist;
				IPHONEOS_DEPLOYMENT_TARGET = 11.3;
				LD_RUNPATH_SEARCH_PATHS = (
					"$(inherited)",
					"@executable_path/Frameworks",
				);
				PRODUCT_BUNDLE_IDENTIFIER = eu.kudan.ar;
				PRODUCT_NAME = "$(TARGET_NAME)";
				SWIFT_VERSION = 4.0;
				TARGETED_DEVICE_FAMILY = 1;
			};
			name = Release;
		};
		F2B2836E211B180D0044CED3 /* Debug */ = {
			isa = XCBuildConfiguration;
			baseConfigurationReference = 31277D68D3E5B1F6CBEF2F7F /* Pods-ARetterTests.debug.xcconfig */;
			buildSettings = {
				ALWAYS_EMBED_SWIFT_STANDARD_LIBRARIES = YES;
				BUNDLE_LOADER = "$(TEST_HOST)";
				CODE_SIGN_STYLE = Automatic;
				DEVELOPMENT_TEAM = U4VPAQ9666;
				INFOPLIST_FILE = ARetterTests/Info.plist;
				LD_RUNPATH_SEARCH_PATHS = (
					"$(inherited)",
					"@executable_path/Frameworks",
					"@loader_path/Frameworks",
				);
				PRODUCT_BUNDLE_IDENTIFIER = com.haruna.ARetterTests;
				PRODUCT_NAME = "$(TARGET_NAME)";
				SWIFT_VERSION = 4.0;
				TARGETED_DEVICE_FAMILY = "1,2";
				TEST_HOST = "$(BUILT_PRODUCTS_DIR)/ARetter.app/ARetter";
			};
			name = Debug;
		};
		F2B2836F211B180D0044CED3 /* Release */ = {
			isa = XCBuildConfiguration;
			baseConfigurationReference = D5A05F17A6021F6CC2F67A5A /* Pods-ARetterTests.release.xcconfig */;
			buildSettings = {
				ALWAYS_EMBED_SWIFT_STANDARD_LIBRARIES = YES;
				BUNDLE_LOADER = "$(TEST_HOST)";
				CODE_SIGN_STYLE = Automatic;
				DEVELOPMENT_TEAM = U4VPAQ9666;
				INFOPLIST_FILE = ARetterTests/Info.plist;
				LD_RUNPATH_SEARCH_PATHS = (
					"$(inherited)",
					"@executable_path/Frameworks",
					"@loader_path/Frameworks",
				);
				PRODUCT_BUNDLE_IDENTIFIER = com.haruna.ARetterTests;
				PRODUCT_NAME = "$(TARGET_NAME)";
				SWIFT_VERSION = 4.0;
				TARGETED_DEVICE_FAMILY = "1,2";
				TEST_HOST = "$(BUILT_PRODUCTS_DIR)/ARetter.app/ARetter";
			};
			name = Release;
		};
		F2B28371211B180D0044CED3 /* Debug */ = {
			isa = XCBuildConfiguration;
			baseConfigurationReference = F6D75A4E5B4CF3E180BE18E0 /* Pods-ARetterUITests.debug.xcconfig */;
			buildSettings = {
				ALWAYS_EMBED_SWIFT_STANDARD_LIBRARIES = YES;
				CODE_SIGN_STYLE = Automatic;
				DEVELOPMENT_TEAM = U4VPAQ9666;
				INFOPLIST_FILE = ARetterUITests/Info.plist;
				LD_RUNPATH_SEARCH_PATHS = (
					"$(inherited)",
					"@executable_path/Frameworks",
					"@loader_path/Frameworks",
				);
				PRODUCT_BUNDLE_IDENTIFIER = com.haruna.ARetterUITests;
				PRODUCT_NAME = "$(TARGET_NAME)";
				SWIFT_VERSION = 4.0;
				TARGETED_DEVICE_FAMILY = "1,2";
				TEST_TARGET_NAME = ARetter;
			};
			name = Debug;
		};
		F2B28372211B180D0044CED3 /* Release */ = {
			isa = XCBuildConfiguration;
			baseConfigurationReference = 5170A4D45E1CD19991036E8D /* Pods-ARetterUITests.release.xcconfig */;
			buildSettings = {
				ALWAYS_EMBED_SWIFT_STANDARD_LIBRARIES = YES;
				CODE_SIGN_STYLE = Automatic;
				DEVELOPMENT_TEAM = U4VPAQ9666;
				INFOPLIST_FILE = ARetterUITests/Info.plist;
				LD_RUNPATH_SEARCH_PATHS = (
					"$(inherited)",
					"@executable_path/Frameworks",
					"@loader_path/Frameworks",
				);
				PRODUCT_BUNDLE_IDENTIFIER = com.haruna.ARetterUITests;
				PRODUCT_NAME = "$(TARGET_NAME)";
				SWIFT_VERSION = 4.0;
				TARGETED_DEVICE_FAMILY = "1,2";
				TEST_TARGET_NAME = ARetter;
			};
			name = Release;
		};
/* End XCBuildConfiguration section */

/* Begin XCConfigurationList section */
		F2B2833D211B180A0044CED3 /* Build configuration list for PBXProject "ARetter" */ = {
			isa = XCConfigurationList;
			buildConfigurations = (
				F2B28368211B180D0044CED3 /* Debug */,
				F2B28369211B180D0044CED3 /* Release */,
			);
			defaultConfigurationIsVisible = 0;
			defaultConfigurationName = Release;
		};
		F2B2836A211B180D0044CED3 /* Build configuration list for PBXNativeTarget "ARetter" */ = {
			isa = XCConfigurationList;
			buildConfigurations = (
				F2B2836B211B180D0044CED3 /* Debug */,
				F2B2836C211B180D0044CED3 /* Release */,
			);
			defaultConfigurationIsVisible = 0;
			defaultConfigurationName = Release;
		};
		F2B2836D211B180D0044CED3 /* Build configuration list for PBXNativeTarget "ARetterTests" */ = {
			isa = XCConfigurationList;
			buildConfigurations = (
				F2B2836E211B180D0044CED3 /* Debug */,
				F2B2836F211B180D0044CED3 /* Release */,
			);
			defaultConfigurationIsVisible = 0;
			defaultConfigurationName = Release;
		};
		F2B28370211B180D0044CED3 /* Build configuration list for PBXNativeTarget "ARetterUITests" */ = {
			isa = XCConfigurationList;
			buildConfigurations = (
				F2B28371211B180D0044CED3 /* Debug */,
				F2B28372211B180D0044CED3 /* Release */,
			);
			defaultConfigurationIsVisible = 0;
			defaultConfigurationName = Release;
		};
/* End XCConfigurationList section */
	};
	rootObject = F2B2833A211B180A0044CED3 /* Project object */;
}
